
Microsoft Visual Studio Solution File, Format Version 12.00
# Visual Studio Version 17
VisualStudioVersion = 17.1.32319.34
MinimumVisualStudioVersion = 10.0.40219.1
Project("{FAE04EC0-301F-11D3-BF4B-00C04F79EFBC}") = "Game", "Game\Game.csproj", "{E1AE424C-1246-4BEB-BD76-AF7DC00F3E67}"
EndProject
Global
	GlobalSection(SolutionConfigurationPlatforms) = preSolution
		Debug|Any CPU = Debug|Any CPU
		Release|Any CPU = Release|Any CPU
	EndGlobalSection
	GlobalSection(ProjectConfigurationPlatforms) = postSolution
		{E1AE424C-1246-4BEB-BD76-AF7DC00F3E67}.Debug|Any CPU.ActiveCfg = Debug|Any CPU
		{E1AE424C-1246-4BEB-BD76-AF7DC00F3E67}.Debug|Any CPU.Build.0 = Debug|Any CPU
		{E1AE424C-1246-4BEB-BD76-AF7DC00F3E67}.Release|Any CPU.ActiveCfg = Release|Any CPU
		{E1AE424C-1246-4BEB-BD76-AF7DC00F3E67}.Release|Any CPU.Build.0 = Release|Any CPU
	EndGlobalSection
	GlobalSection(SolutionProperties) = preSolution
		HideSolutionNode = FALSE
	EndGlobalSection
	GlobalSection(ExtensibilityGlobals) = postSolution
		SolutionGuid = {BF41CC7E-0A0C-46CB-AEEF-D2DF930ABA54}
	EndGlobalSection
EndGlobal
