
Microsoft Visual Studio Solution File, Format Version 12.00
# Visual Studio Version 17
VisualStudioVersion = 17.1.32319.34
MinimumVisualStudioVersion = 10.0.40219.1
Project("{FAE04EC0-301F-11D3-BF4B-00C04F79EFBC}") = "RenderFormTest", "RenderFormTest\RenderFormTest.csproj", "{FA6BBA30-803E-4B96-AF29-5065951AA38F}"
EndProject
Global
	GlobalSection(SolutionConfigurationPlatforms) = preSolution
		Debug|Any CPU = Debug|Any CPU
		Release|Any CPU = Release|Any CPU
	EndGlobalSection
	GlobalSection(ProjectConfigurationPlatforms) = postSolution
		{FA6BBA30-803E-4B96-AF29-5065951AA38F}.Debug|Any CPU.ActiveCfg = Debug|Any CPU
		{FA6BBA30-803E-4B96-AF29-5065951AA38F}.Debug|Any CPU.Build.0 = Debug|Any CPU
		{FA6BBA30-803E-4B96-AF29-5065951AA38F}.Release|Any CPU.ActiveCfg = Release|Any CPU
		{FA6BBA30-803E-4B96-AF29-5065951AA38F}.Release|Any CPU.Build.0 = Release|Any CPU
	EndGlobalSection
	GlobalSection(SolutionProperties) = preSolution
		HideSolutionNode = FALSE
	EndGlobalSection
	GlobalSection(ExtensibilityGlobals) = postSolution
		SolutionGuid = {E1438E0A-6A3B-41BB-8EAE-5398A6EE775C}
	EndGlobalSection
EndGlobal
